
Microsoft Visual Studio Solution File, Format Version 12.00
# Visual Studio Version 17
VisualStudioVersion = 17.10.34928.147
MinimumVisualStudioVersion = 10.0.40219.1
Project("{FAE04EC0-301F-11D3-BF4B-00C04F79EFBC}") = "Inventorium.Dtos", "Inventorium.Dtos\Inventorium.Dtos.csproj", "{FE51C3DD-C403-4AE5-A3D4-658178509710}"
EndProject
Project("{FAE04EC0-301F-11D3-BF4B-00C04F79EFBC}") = "Inventorium.API", "Inventorium.API\Inventorium.API.csproj", "{587E1E0B-28B2-45D1-A33E-26A4821D2E63}"
EndProject
Project("{FAE04EC0-301F-11D3-BF4B-00C04F79EFBC}") = "Inventorium.Web", "Inventorium.Web\Inventorium.Web.csproj", "{811CEB19-4AA0-4CC9-A87C-70B980500AEC}"
EndProject
Global
	GlobalSection(SolutionConfigurationPlatforms) = preSolution
		Debug|Any CPU = Debug|Any CPU
		Release|Any CPU = Release|Any CPU
	EndGlobalSection
	GlobalSection(ProjectConfigurationPlatforms) = postSolution
		{FE51C3DD-C403-4AE5-A3D4-658178509710}.Debug|Any CPU.ActiveCfg = Debug|Any CPU
		{FE51C3DD-C403-4AE5-A3D4-658178509710}.Debug|Any CPU.Build.0 = Debug|Any CPU
		{FE51C3DD-C403-4AE5-A3D4-658178509710}.Release|Any CPU.ActiveCfg = Release|Any CPU
		{FE51C3DD-C403-4AE5-A3D4-658178509710}.Release|Any CPU.Build.0 = Release|Any CPU
		{587E1E0B-28B2-45D1-A33E-26A4821D2E63}.Debug|Any CPU.ActiveCfg = Debug|Any CPU
		{587E1E0B-28B2-45D1-A33E-26A4821D2E63}.Debug|Any CPU.Build.0 = Debug|Any CPU
		{587E1E0B-28B2-45D1-A33E-26A4821D2E63}.Release|Any CPU.ActiveCfg = Release|Any CPU
		{587E1E0B-28B2-45D1-A33E-26A4821D2E63}.Release|Any CPU.Build.0 = Release|Any CPU
		{811CEB19-4AA0-4CC9-A87C-70B980500AEC}.Debug|Any CPU.ActiveCfg = Debug|Any CPU
		{811CEB19-4AA0-4CC9-A87C-70B980500AEC}.Debug|Any CPU.Build.0 = Debug|Any CPU
		{811CEB19-4AA0-4CC9-A87C-70B980500AEC}.Release|Any CPU.ActiveCfg = Release|Any CPU
		{811CEB19-4AA0-4CC9-A87C-70B980500AEC}.Release|Any CPU.Build.0 = Release|Any CPU
	EndGlobalSection
	GlobalSection(SolutionProperties) = preSolution
		HideSolutionNode = FALSE
	EndGlobalSection
	GlobalSection(ExtensibilityGlobals) = postSolution
		SolutionGuid = {5A87574E-335F-4C03-B8E8-6C1E30C31267}
	EndGlobalSection
EndGlobal
